{
  "originHash" : "d4c4b77f172c05b4c915f71e1c7c6770ebca98c66f1fca80b3c7f15502e3af78",
  "pins" : [
    {
      "identity" : "cocoaasyncsocket",
      "kind" : "remoteSourceControl",
      "location" : "https://github.com/robbiehanson/CocoaAsyncSocket.git",
      "state" : {
        "revision" : "dbdc00669c1ced63b27c3c5f052ee4d28f10150c",
        "version" : "7.6.5"
      }
    },
    {
      "identity" : "httpparserc",
      "kind" : "remoteSourceControl",
      "location" : "https://github.com/Building42/HTTPParserC.git",
      "state" : {
        "revision" : "a32b391977a17c30fceec0f38933a359dfdaf112",
        "version" : "9.2.0"
      }
    },
    {
      "identity" : "telegraph",
      "kind" : "remoteSourceControl",
      "location" : "https://github.com/Building42/Telegraph",
      "state" : {
        "revision" : "f56b6726195e271fea397b7dd11c4adc36d5a32d",
        "version" : "0.40.0"
      }
    },
    {
      "identity" : "zip",
      "kind" : "remoteSourceControl",
      "location" : "https://github.com/marmelroy/Zip.git",
      "state" : {
        "revision" : "67fa55813b9e7b3b9acee9c0ae501def28746d76",
        "version" : "2.1.2"
      }
    }
  ],
  "version" : 3
}
